
Microsoft Visual Studio Solution File, Format Version 12.00
# Visual Studio Version 17
VisualStudioVersion = 17.11.35327.3
MinimumVisualStudioVersion = 10.0.40219.1
Project("{FAE04EC0-301F-11D3-BF4B-00C04F79EFBC}") = "MagicVillaApi", "MagicVillaApi\MagicVillaApi.csproj", "{71AFB1EE-81B0-45AF-833D-04E2518BD27F}"
EndProject
Global
	GlobalSection(SolutionConfigurationPlatforms) = preSolution
		Debug|Any CPU = Debug|Any CPU
		Release|Any CPU = Release|Any CPU
	EndGlobalSection
	GlobalSection(ProjectConfigurationPlatforms) = postSolution
		{71AFB1EE-81B0-45AF-833D-04E2518BD27F}.Debug|Any CPU.ActiveCfg = Debug|Any CPU
		{71AFB1EE-81B0-45AF-833D-04E2518BD27F}.Debug|Any CPU.Build.0 = Debug|Any CPU
		{71AFB1EE-81B0-45AF-833D-04E2518BD27F}.Release|Any CPU.ActiveCfg = Release|Any CPU
		{71AFB1EE-81B0-45AF-833D-04E2518BD27F}.Release|Any CPU.Build.0 = Release|Any CPU
	EndGlobalSection
	GlobalSection(SolutionProperties) = preSolution
		HideSolutionNode = FALSE
	EndGlobalSection
	GlobalSection(ExtensibilityGlobals) = postSolution
		SolutionGuid = {B5E01869-CAC2-405B-B32B-40F03BBA771C}
	EndGlobalSection
EndGlobal
